uuid: 030c8962-3d3f-4da5-9bd0-659e2fb7049b
langcode: en
status: true
dependencies:
  module:
    - commerce_product
id: commerce_product_variation.field_spindle_lock
field_name: field_spindle_lock
entity_type: commerce_product_variation
type: boolean
settings: {  }
module: core
locked: false
cardinality: 1
translatable: true
indexes: {  }
persist_with_no_fields: false
custom_storage: false
